
Microsoft Visual Studio Solution File, Format Version 12.00
# Visual Studio 14
VisualStudioVersion = 14.0.23107.0
MinimumVisualStudioVersion = 10.0.40219.1
Project("{FAE04EC0-301F-11D3-BF4B-00C04F79EFBC}") = "MVCAuthorizeTest", "MVCAuthorizeTest\MVCAuthorizeTest.csproj", "{2529A80A-6834-4627-B503-23F4D9523C75}"
EndProject
Project("{FAE04EC0-301F-11D3-BF4B-00C04F79EFBC}") = "MVCAuthorizeTest.Data", "MVCAuthorizeTest.Data\MVCAuthorizeTest.Data.csproj", "{017852FB-377A-4993-8ADE-322576250E01}"
EndProject
Global
	GlobalSection(SolutionConfigurationPlatforms) = preSolution
		Debug|Any CPU = Debug|Any CPU
		Release|Any CPU = Release|Any CPU
	EndGlobalSection
	GlobalSection(ProjectConfigurationPlatforms) = postSolution
		{2529A80A-6834-4627-B503-23F4D9523C75}.Debug|Any CPU.ActiveCfg = Debug|Any CPU
		{2529A80A-6834-4627-B503-23F4D9523C75}.Debug|Any CPU.Build.0 = Debug|Any CPU
		{2529A80A-6834-4627-B503-23F4D9523C75}.Release|Any CPU.ActiveCfg = Release|Any CPU
		{2529A80A-6834-4627-B503-23F4D9523C75}.Release|Any CPU.Build.0 = Release|Any CPU
		{017852FB-377A-4993-8ADE-322576250E01}.Debug|Any CPU.ActiveCfg = Debug|Any CPU
		{017852FB-377A-4993-8ADE-322576250E01}.Debug|Any CPU.Build.0 = Debug|Any CPU
		{017852FB-377A-4993-8ADE-322576250E01}.Release|Any CPU.ActiveCfg = Release|Any CPU
		{017852FB-377A-4993-8ADE-322576250E01}.Release|Any CPU.Build.0 = Release|Any CPU
	EndGlobalSection
	GlobalSection(SolutionProperties) = preSolution
		HideSolutionNode = FALSE
	EndGlobalSection
EndGlobal
